<?xml version="1.0" encoding="utf-8"?>
<Project ToolsVersion="4.0" xmlns="http://schemas.microsoft.com/developer/msbuild/2003">
  <ItemGroup>
    <Filter Include="Arquivos de Origem">
      <UniqueIdentifier>{4FC737F1-C7A5-4376-A066-2A32D752A2FF}</UniqueIdentifier>
      <Extensions>cpp;c;cc;cxx;c++;cppm;ixx;def;odl;idl;hpj;bat;asm;asmx</Extensions>
    </Filter>
    <Filter Include="Arquivos de Cabeçalho">
      <UniqueIdentifier>{93995380-89BD-4b04-88EB-625FBE52EBFB}</UniqueIdentifier>
      <Extensions>h;hh;hpp;hxx;h++;hm;inl;inc;ipp;xsd</Extensions>
    </Filter>
    <Filter Include="Arquivos de Recurso">
      <UniqueIdentifier>{67DA6AB6-F800-4c08-8B7A-83BB121AAD01}</UniqueIdentifier>
      <Extensions>rc;ico;cur;bmp;dlg;rc2;rct;bin;rgs;gif;jpg;jpeg;jpe;resx;tiff;tif;png;wav;mfcribbon-ms</Extensions>
    </Filter>
  </ItemGroup>
  <ItemGroup>
    <ClCompile Include="Source\Ente.cpp">
      <Filter>Arquivos de Origem</Filter>
    </ClCompile>
    <ClCompile Include="Source\main.cpp">
      <Filter>Arquivos de Origem</Filter>
    </ClCompile>
    <ClCompile Include="Source\Entidades\Obstaculo\Obstaculo.cpp">
      <Filter>Arquivos de Origem</Filter>
    </ClCompile>
    <ClCompile Include="Source\Entidades\Obstaculo\Plataforma.cpp">
      <Filter>Arquivos de Origem</Filter>
    </ClCompile>
    <ClCompile Include="Source\Entidades\Personagens\Andomelo.cpp">
      <Filter>Arquivos de Origem</Filter>
    </ClCompile>
    <ClCompile Include="Source\Entidades\Personagens\Inimigo.cpp">
      <Filter>Arquivos de Origem</Filter>
    </ClCompile>
    <ClCompile Include="Source\Entidades\Personagens\Jogador.cpp">
      <Filter>Arquivos de Origem</Filter>
    </ClCompile>
    <ClCompile Include="Source\Entidades\Personagens\Personagem.cpp">
      <Filter>Arquivos de Origem</Filter>
    </ClCompile>
    <ClCompile Include="Source\Entidades\Entidade.cpp">
      <Filter>Arquivos de Origem</Filter>
    </ClCompile>
    <ClCompile Include="Source\Gerenciadores\Colisao.cpp">
      <Filter>Arquivos de Origem</Filter>
    </ClCompile>
    <ClCompile Include="Source\Gerenciadores\Grafico.cpp">
      <Filter>Arquivos de Origem</Filter>
    </ClCompile>
    <ClCompile Include="Source\Lista\ListaEntidades.cpp">
      <Filter>Arquivos de Origem</Filter>
    </ClCompile>
    <ClCompile Include="Source\Entidades\Personagens\Saltitos.cpp">
      <Filter>Arquivos de Origem</Filter>
    </ClCompile>
    <ClCompile Include="Source\Entidades\Projetil.cpp">
      <Filter>Arquivos de Origem</Filter>
    </ClCompile>
    <ClCompile Include="Source\Entidades\Personagens\Canhao.cpp">
      <Filter>Arquivos de Origem</Filter>
    </ClCompile>
    <ClCompile Include="Source\Entidades\Obstaculo\Trampolim.cpp">
      <Filter>Arquivos de Origem</Filter>
    </ClCompile>
    <ClCompile Include="Source\Fases\Fase.cpp">
      <Filter>Arquivos de Origem</Filter>
    </ClCompile>
    <ClCompile Include="Source\Entidades\Obstaculo\Espinho.cpp">
      <Filter>Arquivos de Origem</Filter>
    </ClCompile>
    <ClCompile Include="Source\Principal.cpp">
      <Filter>Arquivos de Origem</Filter>
    </ClCompile>
    <ClCompile Include="Source\Fases\Floresta.cpp">
      <Filter>Arquivos de Origem</Filter>
    </ClCompile>
    <ClCompile Include="Source\Entidades\Personagens\Robo.cpp">
      <Filter>Arquivos de Origem</Filter>
    </ClCompile>
    <ClCompile Include="Source\Entidades\Personagens\Zoiudo.cpp">
      <Filter>Arquivos de Origem</Filter>
    </ClCompile>
    <ClCompile Include="Source\Estados\Estado.cpp">
      <Filter>Arquivos de Origem</Filter>
    </ClCompile>
    <ClCompile Include="Source\Fases\Ceus.cpp">
      <Filter>Arquivos de Origem</Filter>
    </ClCompile>
    <ClCompile Include="Source\Estados\EstadoJogar.cpp">
      <Filter>Arquivos de Origem</Filter>
    </ClCompile>
    <ClCompile Include="Source\Gerenciadores\MaquinadeEstados.cpp">
      <Filter>Arquivos de Origem</Filter>
    </ClCompile>
    <ClCompile Include="Source\Entidades\Obstaculo\Esteira.cpp">
      <Filter>Arquivos de Origem</Filter>
    </ClCompile>
    <ClCompile Include="Source\Menus\Menu.cpp">
      <Filter>Arquivos de Origem</Filter>
    </ClCompile>
    <ClCompile Include="Source\Menus\Botao.cpp">
      <Filter>Arquivos de Origem</Filter>
    </ClCompile>
    <ClCompile Include="Source\Menus\Texto.cpp">
      <Filter>Arquivos de Origem</Filter>
    </ClCompile>
    <ClCompile Include="Source\Menus\MenuPrincipal.cpp">
      <Filter>Arquivos de Origem</Filter>
    </ClCompile>
    <ClCompile Include="Source\Menus\MenuPausa.cpp">
      <Filter>Arquivos de Origem</Filter>
    </ClCompile>
    <ClCompile Include="Source\Menus\GameOver.cpp">
      <Filter>Arquivos de Origem</Filter>
    </ClCompile>
    <ClCompile Include="Source\Estados\Ranking.cpp">
      <Filter>Arquivos de Origem</Filter>
    </ClCompile>
  </ItemGroup>
  <ItemGroup>
    <ClInclude Include="Include\Ente.h">
      <Filter>Arquivos de Cabeçalho</Filter>
    </ClInclude>
    <ClInclude Include="Include\stdafx.h">
      <Filter>Arquivos de Cabeçalho</Filter>
    </ClInclude>
    <ClInclude Include="Include\Entidades\Entidade.h">
      <Filter>Arquivos de Cabeçalho</Filter>
    </ClInclude>
    <ClInclude Include="Include\Entidades\Obstaculos\Obstaculo.h">
      <Filter>Arquivos de Cabeçalho</Filter>
    </ClInclude>
    <ClInclude Include="Include\Entidades\Obstaculos\Plataforma.h">
      <Filter>Arquivos de Cabeçalho</Filter>
    </ClInclude>
    <ClInclude Include="Include\Entidades\Personagens\Andomelo.h">
      <Filter>Arquivos de Cabeçalho</Filter>
    </ClInclude>
    <ClInclude Include="Include\Entidades\Personagens\Inimigo.h">
      <Filter>Arquivos de Cabeçalho</Filter>
    </ClInclude>
    <ClInclude Include="Include\Entidades\Personagens\Jogador.h">
      <Filter>Arquivos de Cabeçalho</Filter>
    </ClInclude>
    <ClInclude Include="Include\Entidades\Personagens\Personagem.h">
      <Filter>Arquivos de Cabeçalho</Filter>
    </ClInclude>
    <ClInclude Include="Include\Entidades\Personagens\Saltitos.h">
      <Filter>Arquivos de Cabeçalho</Filter>
    </ClInclude>
    <ClInclude Include="Include\Gerenciadores\Colisao.h">
      <Filter>Arquivos de Cabeçalho</Filter>
    </ClInclude>
    <ClInclude Include="Include\Gerenciadores\Grafico.h">
      <Filter>Arquivos de Cabeçalho</Filter>
    </ClInclude>
    <ClInclude Include="Include\Lista\Lista.h">
      <Filter>Arquivos de Cabeçalho</Filter>
    </ClInclude>
    <ClInclude Include="Include\Lista\ListaEntidades.h">
      <Filter>Arquivos de Cabeçalho</Filter>
    </ClInclude>
    <ClInclude Include="Include\Entidades\Projetil.h">
      <Filter>Arquivos de Cabeçalho</Filter>
    </ClInclude>
    <ClInclude Include="Include\Entidades\Personagens\Canhao.h">
      <Filter>Arquivos de Cabeçalho</Filter>
    </ClInclude>
    <ClInclude Include="Include\Entidades\Obstaculos\Trampolim.h">
      <Filter>Arquivos de Cabeçalho</Filter>
    </ClInclude>
    <ClInclude Include="Include\Fases\Fase.h">
      <Filter>Arquivos de Cabeçalho</Filter>
    </ClInclude>
    <ClInclude Include="Include\Entidades\Obstaculos\Espinho.h">
      <Filter>Arquivos de Cabeçalho</Filter>
    </ClInclude>
    <ClInclude Include="Include\Fases\Floresta.h">
      <Filter>Arquivos de Cabeçalho</Filter>
    </ClInclude>
    <ClInclude Include="Include\Entidades\Personagens\Robo.h">
      <Filter>Arquivos de Cabeçalho</Filter>
    </ClInclude>
    <ClInclude Include="Include\Entidades\Personagens\Zoiudo.h">
      <Filter>Arquivos de Cabeçalho</Filter>
    </ClInclude>
    <ClInclude Include="Include\Estados\Estado.h">
      <Filter>Arquivos de Cabeçalho</Filter>
    </ClInclude>
    <ClInclude Include="Include\Estados\EstadoJogar.h">
      <Filter>Arquivos de Cabeçalho</Filter>
    </ClInclude>
    <ClInclude Include="Include\Fases\Ceus.h">
      <Filter>Arquivos de Cabeçalho</Filter>
    </ClInclude>
    <ClInclude Include="Include\Gerenciadores\MaquinadeEstados.h">
      <Filter>Arquivos de Cabeçalho</Filter>
    </ClInclude>
    <ClInclude Include="Include\Entidades\Obstaculos\Esteira.h">
      <Filter>Arquivos de Cabeçalho</Filter>
    </ClInclude>
    <ClInclude Include="Include\Menus\Menu.h">
      <Filter>Arquivos de Cabeçalho</Filter>
    </ClInclude>
    <ClInclude Include="Include\Menus\Botao.h">
      <Filter>Arquivos de Cabeçalho</Filter>
    </ClInclude>
    <ClInclude Include="Include\Menus\Texto.h">
      <Filter>Arquivos de Cabeçalho</Filter>
    </ClInclude>
    <ClInclude Include="Include\Menus\MenuPrincipal.h">
      <Filter>Arquivos de Cabeçalho</Filter>
    </ClInclude>
    <ClInclude Include="Include\Menus\MenuPausa.h">
      <Filter>Arquivos de Cabeçalho</Filter>
    </ClInclude>
    <ClInclude Include="Include\Menus\GameOver.h">
      <Filter>Arquivos de Cabeçalho</Filter>
    </ClInclude>
    <ClInclude Include="Include\Estados\Ranking.h">
      <Filter>Arquivos de Cabeçalho</Filter>
    </ClInclude>
    <ClInclude Include="Include\AventuraFofa.h">
      <Filter>Arquivos de Cabeçalho</Filter>
    </ClInclude>
  </ItemGroup>
  <ItemGroup>
    <None Include="Debug\PojetoTecProg.exe.recipe">
      <Filter>Arquivos de Recurso</Filter>
    </None>
    <None Include="Debug\PojetoTecProg.tlog\CL.command.1.tlog" />
    <None Include="Debug\PojetoTecProg.tlog\CL.read.1.tlog" />
    <None Include="Debug\PojetoTecProg.tlog\CL.write.1.tlog" />
    <None Include="Debug\PojetoTecProg.tlog\link.12244.read.1.tlog" />
    <None Include="Debug\PojetoTecProg.tlog\link.12244.write.1.tlog" />
    <None Include="Debug\PojetoTecProg.tlog\link.12244-cvtres.read.1.tlog" />
    <None Include="Debug\PojetoTecProg.tlog\link.12244-cvtres.write.1.tlog" />
    <None Include="Debug\PojetoTecProg.tlog\link.12244-rc.read.1.tlog" />
    <None Include="Debug\PojetoTecProg.tlog\link.12244-rc.write.1.tlog" />
    <None Include="Debug\PojetoTecProg.tlog\link.command.1.tlog" />
    <None Include="Debug\PojetoTecProg.tlog\link.read.1.tlog" />
    <None Include="Debug\PojetoTecProg.tlog\link.write.1.tlog" />
    <None Include="Debug\PojetoTecProg.tlog\link-cvtres.read.1.tlog" />
    <None Include="Debug\PojetoTecProg.tlog\link-cvtres.write.1.tlog" />
    <None Include="Debug\PojetoTecProg.tlog\link-rc.read.1.tlog" />
    <None Include="Debug\PojetoTecProg.tlog\link-rc.write.1.tlog" />
    <None Include="Debug\PojetoTecProg.tlog\PojetoTecProg.lastbuildstate" />
    <None Include="Debug\PojetoTecProg.tlog\unsuccessfulbuild" />
    <None Include="Arquivos\ranking.dat" />
    <None Include="ponto1.dat" />
    <None Include="ponto2.dat" />
    <None Include="ranking.dat" />
  </ItemGroup>
  <ItemGroup>
    <Text Include="Debug\PojetoTecProg.log">
      <Filter>Arquivos de Recurso</Filter>
    </Text>
    <Text Include="Arquivos\Fases\Mapa_Floresta_1p.txt" />
    <Text Include="Arquivos\Fases\Mapa_Floresta_2p.txt" />
    <Text Include="Arquivos\Fases\Mapa_Ceus_1p.txt" />
    <Text Include="Arquivos\Fases\Mapa_Ceus_2p.txt" />
  </ItemGroup>
  <ItemGroup>
    <Image Include="Sorce\Entidades\Personagens\download.jpeg">
      <Filter>Arquivos de Recurso</Filter>
    </Image>
    <Image Include="Arquivos\Imagens\andomelo.png">
      <Filter>Arquivos de Recurso</Filter>
    </Image>
    <Image Include="Arquivos\Imagens\espinho.png">
      <Filter>Arquivos de Recurso</Filter>
    </Image>
    <Image Include="Arquivos\Imagens\robo.png">
      <Filter>Arquivos de Recurso</Filter>
    </Image>
    <Image Include="Arquivos\Imagens\Canhao.png">
      <Filter>Arquivos de Recurso</Filter>
    </Image>
    <Image Include="Arquivos\Imagens\plataforma.png">
      <Filter>Arquivos de Recurso</Filter>
    </Image>
    <Image Include="Imagens\plataformal.png">
      <Filter>Arquivos de Recurso</Filter>
    </Image>
    <Image Include="Arquivos\Imagens\projetil.png">
      <Filter>Arquivos de Recurso</Filter>
    </Image>
    <Image Include="Arquivos\Imagens\saltitos.png">
      <Filter>Arquivos de Recurso</Filter>
    </Image>
    <Image Include="Arquivos\Imagens\esteirad.png">
      <Filter>Arquivos de Recurso</Filter>
    </Image>
    <Image Include="Arquivos\Imagens\esteirae.png">
      <Filter>Arquivos de Recurso</Filter>
    </Image>
    <Image Include="Arquivos\Imagens\fundo1.png">
      <Filter>Arquivos de Recurso</Filter>
    </Image>
    <Image Include="Arquivos\Imagens\zoiudo.png">
      <Filter>Arquivos de Recurso</Filter>
    </Image>
    <Image Include="Arquivos\Imagens\lama.png">
      <Filter>Arquivos de Recurso</Filter>
    </Image>
    <Image Include="Arquivos\Imagens\trampolim.png">
      <Filter>Arquivos de Recurso</Filter>
    </Image>
    <Image Include="Arquivos\Imagens\fundo2.png">
      <Filter>Arquivos de Recurso</Filter>
    </Image>
  </ItemGroup>
  <ItemGroup>
    <Font Include="Arquivos\Fonte.ttf" />
  </ItemGroup>
</Project>