<?xml version="1.0" encoding="utf-8"?>
<Project ToolsVersion="4.0" xmlns="http://schemas.microsoft.com/developer/msbuild/2003">
  <ItemGroup>
    <Filter Include="Arquivos de Origem">
      <UniqueIdentifier>{4FC737F1-C7A5-4376-A066-2A32D752A2FF}</UniqueIdentifier>
      <Extensions>cpp;c;cc;cxx;c++;cppm;ixx;def;odl;idl;hpj;bat;asm;asmx</Extensions>
    </Filter>
    <Filter Include="Arquivos de Cabeçalho">
      <UniqueIdentifier>{93995380-89BD-4b04-88EB-625FBE52EBFB}</UniqueIdentifier>
      <Extensions>h;hh;hpp;hxx;h++;hm;inl;inc;ipp;xsd</Extensions>
    </Filter>
    <Filter Include="Arquivos de Recurso">
      <UniqueIdentifier>{67DA6AB6-F800-4c08-8B7A-83BB121AAD01}</UniqueIdentifier>
      <Extensions>rc;ico;cur;bmp;dlg;rc2;rct;bin;rgs;gif;jpg;jpeg;jpe;resx;tiff;tif;png;wav;mfcribbon-ms</Extensions>
    </Filter>
  </ItemGroup>
  <ItemGroup>
    <ClCompile Include="Sorce\Ente.cpp">
      <Filter>Arquivos de Origem</Filter>
    </ClCompile>
    <ClCompile Include="Sorce\main.cpp">
      <Filter>Arquivos de Origem</Filter>
    </ClCompile>
    <ClCompile Include="Sorce\Entidades\Obstaculo\Obstaculo.cpp">
      <Filter>Arquivos de Origem</Filter>
    </ClCompile>
    <ClCompile Include="Sorce\Entidades\Obstaculo\Plataforma.cpp">
      <Filter>Arquivos de Origem</Filter>
    </ClCompile>
    <ClCompile Include="Sorce\Entidades\Personagens\RoboAnda.cpp">
      <Filter>Arquivos de Origem</Filter>
    </ClCompile>
    <ClCompile Include="Sorce\Entidades\Personagens\Inimigo.cpp">
      <Filter>Arquivos de Origem</Filter>
    </ClCompile>
    <ClCompile Include="Sorce\Entidades\Personagens\Jogador.cpp">
      <Filter>Arquivos de Origem</Filter>
    </ClCompile>
    <ClCompile Include="Sorce\Entidades\Personagens\Personagem.cpp">
      <Filter>Arquivos de Origem</Filter>
    </ClCompile>
    <ClCompile Include="Sorce\Entidades\Entidade.cpp">
      <Filter>Arquivos de Origem</Filter>
    </ClCompile>
    <ClCompile Include="Sorce\Gerenciadores\Colisao.cpp">
      <Filter>Arquivos de Origem</Filter>
    </ClCompile>
    <ClCompile Include="Sorce\Gerenciadores\Grafico.cpp">
      <Filter>Arquivos de Origem</Filter>
    </ClCompile>
    <ClCompile Include="Sorce\Lista\ListaEntidades.cpp">
      <Filter>Arquivos de Origem</Filter>
    </ClCompile>
    <ClCompile Include="Sorce\Entidades\Personagens\RoboPula.cpp">
      <Filter>Arquivos de Origem</Filter>
    </ClCompile>
    <ClCompile Include="Sorce\Entidades\Projetil.cpp">
      <Filter>Arquivos de Origem</Filter>
    </ClCompile>
    <ClCompile Include="Sorce\Entidades\Personagens\Canhao.cpp">
      <Filter>Arquivos de Origem</Filter>
    </ClCompile>
    <ClCompile Include="Sorce\Entidades\Obstaculo\Trampolim.cpp">
      <Filter>Arquivos de Origem</Filter>
    </ClCompile>
    <ClCompile Include="Sorce\Fases\Fase.cpp">
      <Filter>Arquivos de Origem</Filter>
    </ClCompile>
    <ClCompile Include="Sorce\Entidades\Obstaculo\Espinho.cpp">
      <Filter>Arquivos de Origem</Filter>
    </ClCompile>
    <ClCompile Include="Sorce\Principal.cpp">
      <Filter>Arquivos de Origem</Filter>
    </ClCompile>
    <ClCompile Include="Sorce\Fases\Fase1.cpp">
      <Filter>Arquivos de Origem</Filter>
    </ClCompile>
    <ClCompile Include="Sorce\Entidades\Personagens\Jogador1.cpp">
      <Filter>Arquivos de Origem</Filter>
    </ClCompile>
    <ClCompile Include="Sorce\Entidades\Personagens\Jogador2.cpp">
      <Filter>Arquivos de Origem</Filter>
    </ClCompile>
    <ClCompile Include="Sorce\Estados\Estado.cpp">
      <Filter>Arquivos de Origem</Filter>
    </ClCompile>
    <ClCompile Include="Sorce\Fases\Fase2.cpp">
      <Filter>Arquivos de Origem</Filter>
    </ClCompile>
    <ClCompile Include="Sorce\Estados\EstadoJogar.cpp">
      <Filter>Arquivos de Origem</Filter>
    </ClCompile>
    <ClCompile Include="Sorce\Gerenciadores\MaquinadeEstados.cpp">
      <Filter>Arquivos de Origem</Filter>
    </ClCompile>
    <ClCompile Include="Sorce\Entidades\Obstaculo\Esteira.cpp">
      <Filter>Arquivos de Origem</Filter>
    </ClCompile>
  </ItemGroup>
  <ItemGroup>
    <ClInclude Include="Include\Ente.h">
      <Filter>Arquivos de Cabeçalho</Filter>
    </ClInclude>
    <ClInclude Include="Include\stdafx.h">
      <Filter>Arquivos de Cabeçalho</Filter>
    </ClInclude>
    <ClInclude Include="Include\Principal.h">
      <Filter>Arquivos de Recurso</Filter>
    </ClInclude>
    <ClInclude Include="Include\Entidades\Entidade.h">
      <Filter>Arquivos de Cabeçalho</Filter>
    </ClInclude>
    <ClInclude Include="Include\Entidades\Obstaculos\Obstaculo.h">
      <Filter>Arquivos de Cabeçalho</Filter>
    </ClInclude>
    <ClInclude Include="Include\Entidades\Obstaculos\Plataforma.h">
      <Filter>Arquivos de Cabeçalho</Filter>
    </ClInclude>
    <ClInclude Include="Include\Entidades\Personagens\RoboAnda.h">
      <Filter>Arquivos de Cabeçalho</Filter>
    </ClInclude>
    <ClInclude Include="Include\Entidades\Personagens\Inimigo.h">
      <Filter>Arquivos de Cabeçalho</Filter>
    </ClInclude>
    <ClInclude Include="Include\Entidades\Personagens\Jogador.h">
      <Filter>Arquivos de Cabeçalho</Filter>
    </ClInclude>
    <ClInclude Include="Include\Entidades\Personagens\Personagem.h">
      <Filter>Arquivos de Cabeçalho</Filter>
    </ClInclude>
    <ClInclude Include="Include\Entidades\Personagens\RoboPula.h">
      <Filter>Arquivos de Cabeçalho</Filter>
    </ClInclude>
    <ClInclude Include="Include\Gerenciadores\Colisao.h">
      <Filter>Arquivos de Cabeçalho</Filter>
    </ClInclude>
    <ClInclude Include="Include\Gerenciadores\Grafico.h">
      <Filter>Arquivos de Cabeçalho</Filter>
    </ClInclude>
    <ClInclude Include="Include\Lista\Lista.h">
      <Filter>Arquivos de Cabeçalho</Filter>
    </ClInclude>
    <ClInclude Include="Include\Lista\ListaEntidades.h">
      <Filter>Arquivos de Cabeçalho</Filter>
    </ClInclude>
    <ClInclude Include="Include\Entidades\Projetil.h">
      <Filter>Arquivos de Cabeçalho</Filter>
    </ClInclude>
    <ClInclude Include="Include\Entidades\Personagens\Canhao.h">
      <Filter>Arquivos de Cabeçalho</Filter>
    </ClInclude>
    <ClInclude Include="Include\Entidades\Obstaculos\Trampolim.h">
      <Filter>Arquivos de Cabeçalho</Filter>
    </ClInclude>
    <ClInclude Include="Include\Fases\Fase.h">
      <Filter>Arquivos de Cabeçalho</Filter>
    </ClInclude>
    <ClInclude Include="Include\Entidades\Obstaculos\Espinho.h">
      <Filter>Arquivos de Cabeçalho</Filter>
    </ClInclude>
    <ClInclude Include="Include\Fases\Fase1.h">
      <Filter>Arquivos de Cabeçalho</Filter>
    </ClInclude>
    <ClInclude Include="Include\Entidades\Personagens\Jogador1.h">
      <Filter>Arquivos de Cabeçalho</Filter>
    </ClInclude>
    <ClInclude Include="Include\Entidades\Personagens\Jogador2.h">
      <Filter>Arquivos de Cabeçalho</Filter>
    </ClInclude>
    <ClInclude Include="Include\Estados\Estado.h">
      <Filter>Arquivos de Cabeçalho</Filter>
    </ClInclude>
    <ClInclude Include="Include\Estados\EstadoJogar.h">
      <Filter>Arquivos de Cabeçalho</Filter>
    </ClInclude>
    <ClInclude Include="Include\Fases\Fase2.h">
      <Filter>Arquivos de Cabeçalho</Filter>
    </ClInclude>
    <ClInclude Include="Include\Gerenciadores\MaquinadeEstados.h">
      <Filter>Arquivos de Cabeçalho</Filter>
    </ClInclude>
    <ClInclude Include="Include\Entidades\Obstaculos\Esteira.h">
      <Filter>Arquivos de Cabeçalho</Filter>
    </ClInclude>
  </ItemGroup>
  <ItemGroup>
    <None Include="Debug\PojetoTecProg.exe.recipe">
      <Filter>Arquivos de Recurso</Filter>
    </None>
    <None Include="Debug\PojetoTecProg.tlog\CL.command.1.tlog" />
    <None Include="Debug\PojetoTecProg.tlog\CL.read.1.tlog" />
    <None Include="Debug\PojetoTecProg.tlog\CL.write.1.tlog" />
    <None Include="Debug\PojetoTecProg.tlog\link.12244.read.1.tlog" />
    <None Include="Debug\PojetoTecProg.tlog\link.12244.write.1.tlog" />
    <None Include="Debug\PojetoTecProg.tlog\link.12244-cvtres.read.1.tlog" />
    <None Include="Debug\PojetoTecProg.tlog\link.12244-cvtres.write.1.tlog" />
    <None Include="Debug\PojetoTecProg.tlog\link.12244-rc.read.1.tlog" />
    <None Include="Debug\PojetoTecProg.tlog\link.12244-rc.write.1.tlog" />
    <None Include="Debug\PojetoTecProg.tlog\link.command.1.tlog" />
    <None Include="Debug\PojetoTecProg.tlog\link.read.1.tlog" />
    <None Include="Debug\PojetoTecProg.tlog\link.write.1.tlog" />
    <None Include="Debug\PojetoTecProg.tlog\link-cvtres.read.1.tlog" />
    <None Include="Debug\PojetoTecProg.tlog\link-cvtres.write.1.tlog" />
    <None Include="Debug\PojetoTecProg.tlog\link-rc.read.1.tlog" />
    <None Include="Debug\PojetoTecProg.tlog\link-rc.write.1.tlog" />
    <None Include="Debug\PojetoTecProg.tlog\PojetoTecProg.lastbuildstate" />
    <None Include="Debug\PojetoTecProg.tlog\unsuccessfulbuild" />
  </ItemGroup>
  <ItemGroup>
    <Text Include="Debug\PojetoTecProg.log">
      <Filter>Arquivos de Recurso</Filter>
    </Text>
    <Text Include="Arquivos\Mapa_fase1.txt" />
    <Text Include="Arquivos\Mapa_fase2.txt" />
  </ItemGroup>
  <ItemGroup>
    <Image Include="Sorce\Entidades\Personagens\download.jpeg">
      <Filter>Arquivos de Recurso</Filter>
    </Image>
    <Image Include="Imagens\RoboAnda.png">
      <Filter>Arquivos de Recurso</Filter>
    </Image>
    <Image Include="Imagens\espinho.png">
      <Filter>Arquivos de Recurso</Filter>
    </Image>
    <Image Include="Imagens\jogador1.png">
      <Filter>Arquivos de Recurso</Filter>
    </Image>
    <Image Include="Imagens\Canhao.png">
      <Filter>Arquivos de Recurso</Filter>
    </Image>
    <Image Include="Imagens\plataforma.png">
      <Filter>Arquivos de Recurso</Filter>
    </Image>
    <Image Include="Imagens\plataformal.png">
      <Filter>Arquivos de Recurso</Filter>
    </Image>
    <Image Include="Imagens\projetil.png">
      <Filter>Arquivos de Recurso</Filter>
    </Image>
    <Image Include="Imagens\RoboPula.png">
      <Filter>Arquivos de Recurso</Filter>
    </Image>
  </ItemGroup>
</Project>